
Microsoft Visual Studio Solution File, Format Version 12.00
# Visual Studio Version 17
VisualStudioVersion = 17.9.34526.213
MinimumVisualStudioVersion = 10.0.40219.1
Project("{9A19103F-16F7-4668-BE54-9A1E7A4F7556}") = "Source2Framework.Core", "Source2Framework.Core\Source2Framework.Core.csproj", "{B9AF063F-B0DA-4CC6-9166-A0FE3DE0F65D}"
EndProject
Project("{9A19103F-16F7-4668-BE54-9A1E7A4F7556}") = "Source2Framework.SDK", "Source2Framework.SDK\Source2Framework.SDK.csproj", "{C6E48A44-F54A-470B-B1AB-5B91C69784B7}"
EndProject
Project("{2150E333-8FDC-42A3-9474-1A3956D46DE8}") = "Workflows", "Workflows", "{C6A1E9A5-D616-477C-ACE0-A54599477108}"
	ProjectSection(SolutionItems) = preProject
		.github\workflows\build.yml = .github\workflows\build.yml
	EndProjectSection
EndProject
Global
	GlobalSection(SolutionConfigurationPlatforms) = preSolution
		Debug|Any CPU = Debug|Any CPU
		Release|Any CPU = Release|Any CPU
	EndGlobalSection
	GlobalSection(ProjectConfigurationPlatforms) = postSolution
		{B9AF063F-B0DA-4CC6-9166-A0FE3DE0F65D}.Debug|Any CPU.ActiveCfg = Debug|Any CPU
		{B9AF063F-B0DA-4CC6-9166-A0FE3DE0F65D}.Debug|Any CPU.Build.0 = Debug|Any CPU
		{B9AF063F-B0DA-4CC6-9166-A0FE3DE0F65D}.Release|Any CPU.ActiveCfg = Release|Any CPU
		{B9AF063F-B0DA-4CC6-9166-A0FE3DE0F65D}.Release|Any CPU.Build.0 = Release|Any CPU
		{C6E48A44-F54A-470B-B1AB-5B91C69784B7}.Debug|Any CPU.ActiveCfg = Debug|Any CPU
		{C6E48A44-F54A-470B-B1AB-5B91C69784B7}.Debug|Any CPU.Build.0 = Debug|Any CPU
		{C6E48A44-F54A-470B-B1AB-5B91C69784B7}.Release|Any CPU.ActiveCfg = Release|Any CPU
		{C6E48A44-F54A-470B-B1AB-5B91C69784B7}.Release|Any CPU.Build.0 = Release|Any CPU
	EndGlobalSection
	GlobalSection(SolutionProperties) = preSolution
		HideSolutionNode = FALSE
	EndGlobalSection
	GlobalSection(ExtensibilityGlobals) = postSolution
		SolutionGuid = {BA2378A3-A612-4F1D-AE6D-3415F2BFB1F2}
	EndGlobalSection
EndGlobal
